
Microsoft Visual Studio Solution File, Format Version 12.00
# Visual Studio Version 17
VisualStudioVersion = 17.8.34330.188
MinimumVisualStudioVersion = 10.0.40219.1
Project("{9A19103F-16F7-4668-BE54-9A1E7A4F7556}") = "CustomerHub", "CustomerHub\CustomerHub.csproj", "{2EDB5B0A-6EF7-4FAC-BC76-13C8028D7D3E}"
EndProject
Project("{9A19103F-16F7-4668-BE54-9A1E7A4F7556}") = "CustomerHub.DAL", "CustomerHub.DAL\CustomerHub.DAL.csproj", "{2E036C64-D69E-4C3B-98A3-95EABF40D80C}"
EndProject
Project("{9A19103F-16F7-4668-BE54-9A1E7A4F7556}") = "CustomerHub.BAL", "CustomerHub.BAL\CustomerHub.BAL.csproj", "{E7D47DEB-0AFD-42CE-9369-9E0F49BA5FFE}"
EndProject
Global
	GlobalSection(SolutionConfigurationPlatforms) = preSolution
		Debug|Any CPU = Debug|Any CPU
		Release|Any CPU = Release|Any CPU
	EndGlobalSection
	GlobalSection(ProjectConfigurationPlatforms) = postSolution
		{2EDB5B0A-6EF7-4FAC-BC76-13C8028D7D3E}.Debug|Any CPU.ActiveCfg = Debug|Any CPU
		{2EDB5B0A-6EF7-4FAC-BC76-13C8028D7D3E}.Debug|Any CPU.Build.0 = Debug|Any CPU
		{2EDB5B0A-6EF7-4FAC-BC76-13C8028D7D3E}.Release|Any CPU.ActiveCfg = Release|Any CPU
		{2EDB5B0A-6EF7-4FAC-BC76-13C8028D7D3E}.Release|Any CPU.Build.0 = Release|Any CPU
		{2E036C64-D69E-4C3B-98A3-95EABF40D80C}.Debug|Any CPU.ActiveCfg = Debug|Any CPU
		{2E036C64-D69E-4C3B-98A3-95EABF40D80C}.Debug|Any CPU.Build.0 = Debug|Any CPU
		{2E036C64-D69E-4C3B-98A3-95EABF40D80C}.Release|Any CPU.ActiveCfg = Release|Any CPU
		{2E036C64-D69E-4C3B-98A3-95EABF40D80C}.Release|Any CPU.Build.0 = Release|Any CPU
		{E7D47DEB-0AFD-42CE-9369-9E0F49BA5FFE}.Debug|Any CPU.ActiveCfg = Debug|Any CPU
		{E7D47DEB-0AFD-42CE-9369-9E0F49BA5FFE}.Debug|Any CPU.Build.0 = Debug|Any CPU
		{E7D47DEB-0AFD-42CE-9369-9E0F49BA5FFE}.Release|Any CPU.ActiveCfg = Release|Any CPU
		{E7D47DEB-0AFD-42CE-9369-9E0F49BA5FFE}.Release|Any CPU.Build.0 = Release|Any CPU
	EndGlobalSection
	GlobalSection(SolutionProperties) = preSolution
		HideSolutionNode = FALSE
	EndGlobalSection
	GlobalSection(ExtensibilityGlobals) = postSolution
		SolutionGuid = {055F8D29-9DB2-439D-B538-F9EE714FC59E}
	EndGlobalSection
EndGlobal
